
Microsoft Visual Studio Solution File, Format Version 12.00
# Visual Studio Version 17
VisualStudioVersion = 17.13.35919.96 d17.13
MinimumVisualStudioVersion = 10.0.40219.1
Project("{FAE04EC0-301F-11D3-BF4B-00C04F79EFBC}") = "WinFormsApp1", "WinFormsApp1\WinFormsApp1.csproj", "{A41D1793-BC8F-4CF6-ACEA-FD9AE667B9B3}"
EndProject
Global
	GlobalSection(SolutionConfigurationPlatforms) = preSolution
		Debug|Any CPU = Debug|Any CPU
		Release|Any CPU = Release|Any CPU
	EndGlobalSection
	GlobalSection(ProjectConfigurationPlatforms) = postSolution
		{A41D1793-BC8F-4CF6-ACEA-FD9AE667B9B3}.Debug|Any CPU.ActiveCfg = Debug|Any CPU
		{A41D1793-BC8F-4CF6-ACEA-FD9AE667B9B3}.Debug|Any CPU.Build.0 = Debug|Any CPU
		{A41D1793-BC8F-4CF6-ACEA-FD9AE667B9B3}.Release|Any CPU.ActiveCfg = Release|Any CPU
		{A41D1793-BC8F-4CF6-ACEA-FD9AE667B9B3}.Release|Any CPU.Build.0 = Release|Any CPU
	EndGlobalSection
	GlobalSection(SolutionProperties) = preSolution
		HideSolutionNode = FALSE
	EndGlobalSection
	GlobalSection(ExtensibilityGlobals) = postSolution
		SolutionGuid = {DA28CD41-F9CA-428B-A0BF-DFCA26605E39}
	EndGlobalSection
EndGlobal
